Microsoft Visual Studio Solution File, Format Version 12.00
# Visual Studio Version 17
VisualStudioVersion = 17.5.2.0
MinimumVisualStudioVersion = 10.0.40219.1
Project("{FAE04EC0-301F-11D3-BF4B-00C04F79EFBC}") = "BeadsAI", "BeadsAI.csproj", "{054C0D11-288F-60FF-0EB6-85B1C84BF58C}"
EndProject
Global
	GlobalSection(SolutionConfigurationPlatforms) = preSolution
		Debug|Any CPU = Debug|Any CPU
		Release|Any CPU = Release|Any CPU
	EndGlobalSection
	GlobalSection(ProjectConfigurationPlatforms) = postSolution
		{054C0D11-288F-60FF-0EB6-85B1C84BF58C}.Debug|Any CPU.ActiveCfg = Debug|Any CPU
		{054C0D11-288F-60FF-0EB6-85B1C84BF58C}.Debug|Any CPU.Build.0 = Debug|Any CPU
		{054C0D11-288F-60FF-0EB6-85B1C84BF58C}.Release|Any CPU.ActiveCfg = Release|Any CPU
		{054C0D11-288F-60FF-0EB6-85B1C84BF58C}.Release|Any CPU.Build.0 = Release|Any CPU
	EndGlobalSection
	GlobalSection(SolutionProperties) = preSolution
		HideSolutionNode = FALSE
	EndGlobalSection
	GlobalSection(ExtensibilityGlobals) = postSolution
		SolutionGuid = {4C3CDB37-61D1-420E-9A95-3741FA0671F9}
	EndGlobalSection
EndGlobal
